---
mruby_version:
  version: 2.1.0
  release_no: 20100
builds:
  host:
    https://github.com/appPlant/mruby-os.git:
      url: https://github.com/appPlant/mruby-os.git
      branch: master
      commit: 15e3f32c06c1cf8fe14dfd29fa5364d1847c3da5
      version: 0.0.0
    https://github.com/iij/mruby-env.git:
      url: https://github.com/iij/mruby-env.git
      branch: master
      commit: 056ae324451ef16a50c7887e117f0ea30921b71b
      version: 0.0.0
    https://github.com/appPlant/mruby-process.git:
      url: https://github.com/appPlant/mruby-process.git
      branch: master
      commit: d9e4913005958950ced5505238ba71c28d10f3a4
      version: 0.0.0
    https://github.com/ksss/mruby-singleton.git:
      url: https://github.com/ksss/mruby-singleton.git
      branch: master
      commit: 73dd4bae1a47d82e49b8f85bf27f49ec4462052e
      version: 0.0.0
    https://github.com/iij/mruby-dir.git:
      url: https://github.com/iij/mruby-dir.git
      branch: master
      commit: 89dceefa1250fb1ae868d4cb52498e9e24293cd1
      version: 0.0.0
    https://github.com/iij/mruby-iijson.git:
      url: https://github.com/iij/mruby-iijson.git
      branch: master
      commit: c5e730c30090d3cddae258f57ab9508edb3e9fce
      version: 0.0.0
    https://github.com/bismite/mruby-simplemsgpack.git:
      url: https://github.com/bismite/mruby-simplemsgpack.git
      branch: master
      commit: 6a66a0217407a1bf4733ef843a70ce90ddbaa261
      version: 0.0.0
    https://github.com/kabies/mruby-stable-sort.git:
      url: https://github.com/kabies/mruby-stable-sort.git
      branch: master
      commit: 48a0c0b03c8de1ed40087a922b0602d58c3fde3b
      version: 0.1.0
    https://github.com/kabies/mruby-cellular-automaton.git:
      url: https://github.com/kabies/mruby-cellular-automaton.git
      branch: master
      commit: f1408e76765b33cd798b53f8cba41747239e16b3
      version: 0.0.0
    https://github.com/bismite/mruby-bi-core.git:
      url: https://github.com/bismite/mruby-bi-core.git
      branch: master
      commit: cda5a799a35aa8aaa2dafd2856e7e6be623bccc9
      version: 0.5.0
    https://github.com/bismite/mruby-bi-ext.git:
      url: https://github.com/bismite/mruby-bi-ext.git
      branch: master
      commit: a6f7890fcf5fe5d95ac561a5a4c0bb9fc68bc2a1
      version: 0.3.0
    https://github.com/bismite/mruby-bi-sound.git:
      url: https://github.com/bismite/mruby-bi-sound.git
      branch: master
      commit: 8af59a855b41852a138fb45b6db45054d6357d36
      version: 0.1.0
    https://github.com/bismite/mruby-bi-archive.git:
      url: https://github.com/bismite/mruby-bi-archive.git
      branch: master
      commit: 361041eea9f137cb40e4bb5e6d4ab376054ee4a5
      version: 0.2.0
    https://github.com/bismite/mruby-bi-geometry.git:
      url: https://github.com/bismite/mruby-bi-geometry.git
      branch: master
      commit: 7730e4161971e1bfea659dfb5bfda71266f060ff
      version: 0.1.0
    https://github.com/bismite/mruby-dlopen.git:
      url: https://github.com/bismite/mruby-dlopen.git
      branch: master
      commit: 4fa719c9c00eb00b4d1cfac435202983dc1fae3f
      version: 0.1.0
    https://github.com/iij/mruby-errno.git:
      url: https://github.com/iij/mruby-errno.git
      branch: master
      commit: b4415207ff6ea62360619c89a1cff83259dc4db0
      version: 0.0.0
  mingw:
    https://github.com/appPlant/mruby-os.git:
      url: https://github.com/appPlant/mruby-os.git
      branch: master
      commit: 15e3f32c06c1cf8fe14dfd29fa5364d1847c3da5
      version: 0.0.0
    https://github.com/iij/mruby-env.git:
      url: https://github.com/iij/mruby-env.git
      branch: master
      commit: 056ae324451ef16a50c7887e117f0ea30921b71b
      version: 0.0.0
    https://github.com/appPlant/mruby-process.git:
      url: https://github.com/appPlant/mruby-process.git
      branch: master
      commit: d9e4913005958950ced5505238ba71c28d10f3a4
      version: 0.0.0
    https://github.com/ksss/mruby-singleton.git:
      url: https://github.com/ksss/mruby-singleton.git
      branch: master
      commit: 73dd4bae1a47d82e49b8f85bf27f49ec4462052e
      version: 0.0.0
    https://github.com/iij/mruby-dir.git:
      url: https://github.com/iij/mruby-dir.git
      branch: master
      commit: 89dceefa1250fb1ae868d4cb52498e9e24293cd1
      version: 0.0.0
    https://github.com/iij/mruby-iijson.git:
      url: https://github.com/iij/mruby-iijson.git
      branch: master
      commit: c5e730c30090d3cddae258f57ab9508edb3e9fce
      version: 0.0.0
    https://github.com/bismite/mruby-simplemsgpack.git:
      url: https://github.com/bismite/mruby-simplemsgpack.git
      branch: master
      commit: 6a66a0217407a1bf4733ef843a70ce90ddbaa261
      version: 0.0.0
    https://github.com/kabies/mruby-stable-sort.git:
      url: https://github.com/kabies/mruby-stable-sort.git
      branch: master
      commit: 48a0c0b03c8de1ed40087a922b0602d58c3fde3b
      version: 0.1.0
    https://github.com/kabies/mruby-cellular-automaton.git:
      url: https://github.com/kabies/mruby-cellular-automaton.git
      branch: master
      commit: f1408e76765b33cd798b53f8cba41747239e16b3
      version: 0.0.0
    https://github.com/bismite/mruby-bi-core.git:
      url: https://github.com/bismite/mruby-bi-core.git
      branch: master
      commit: cda5a799a35aa8aaa2dafd2856e7e6be623bccc9
      version: 0.5.0
    https://github.com/bismite/mruby-bi-ext.git:
      url: https://github.com/bismite/mruby-bi-ext.git
      branch: master
      commit: a6f7890fcf5fe5d95ac561a5a4c0bb9fc68bc2a1
      version: 0.3.0
    https://github.com/bismite/mruby-bi-sound.git:
      url: https://github.com/bismite/mruby-bi-sound.git
      branch: master
      commit: 8af59a855b41852a138fb45b6db45054d6357d36
      version: 0.1.0
    https://github.com/bismite/mruby-bi-archive.git:
      url: https://github.com/bismite/mruby-bi-archive.git
      branch: master
      commit: 361041eea9f137cb40e4bb5e6d4ab376054ee4a5
      version: 0.2.0
    https://github.com/bismite/mruby-bi-geometry.git:
      url: https://github.com/bismite/mruby-bi-geometry.git
      branch: master
      commit: 7730e4161971e1bfea659dfb5bfda71266f060ff
      version: 0.1.0
    https://github.com/bismite/mruby-dlopen.git:
      url: https://github.com/bismite/mruby-dlopen.git
      branch: master
      commit: 4fa719c9c00eb00b4d1cfac435202983dc1fae3f
      version: 0.1.0
    https://github.com/iij/mruby-errno.git:
      url: https://github.com/iij/mruby-errno.git
      branch: master
      commit: b4415207ff6ea62360619c89a1cff83259dc4db0
      version: 0.0.0
  emscripten:
    https://github.com/appPlant/mruby-os.git:
      url: https://github.com/appPlant/mruby-os.git
      branch: master
      commit: 15e3f32c06c1cf8fe14dfd29fa5364d1847c3da5
      version: 0.0.0
    https://github.com/iij/mruby-env.git:
      url: https://github.com/iij/mruby-env.git
      branch: master
      commit: 056ae324451ef16a50c7887e117f0ea30921b71b
      version: 0.0.0
    https://github.com/ksss/mruby-singleton.git:
      url: https://github.com/ksss/mruby-singleton.git
      branch: master
      commit: 73dd4bae1a47d82e49b8f85bf27f49ec4462052e
      version: 0.0.0
    https://github.com/iij/mruby-dir.git:
      url: https://github.com/iij/mruby-dir.git
      branch: master
      commit: 89dceefa1250fb1ae868d4cb52498e9e24293cd1
      version: 0.0.0
    https://github.com/iij/mruby-iijson.git:
      url: https://github.com/iij/mruby-iijson.git
      branch: master
      commit: c5e730c30090d3cddae258f57ab9508edb3e9fce
      version: 0.0.0
    https://github.com/bismite/mruby-simplemsgpack.git:
      url: https://github.com/bismite/mruby-simplemsgpack.git
      branch: master
      commit: 6a66a0217407a1bf4733ef843a70ce90ddbaa261
      version: 0.0.0
    https://github.com/kabies/mruby-stable-sort.git:
      url: https://github.com/kabies/mruby-stable-sort.git
      branch: master
      commit: 48a0c0b03c8de1ed40087a922b0602d58c3fde3b
      version: 0.1.0
    https://github.com/kabies/mruby-cellular-automaton.git:
      url: https://github.com/kabies/mruby-cellular-automaton.git
      branch: master
      commit: f1408e76765b33cd798b53f8cba41747239e16b3
      version: 0.0.0
    https://github.com/bismite/mruby-bi-core.git:
      url: https://github.com/bismite/mruby-bi-core.git
      branch: master
      commit: cda5a799a35aa8aaa2dafd2856e7e6be623bccc9
      version: 0.5.0
    https://github.com/bismite/mruby-bi-ext.git:
      url: https://github.com/bismite/mruby-bi-ext.git
      branch: master
      commit: a6f7890fcf5fe5d95ac561a5a4c0bb9fc68bc2a1
      version: 0.3.0
    https://github.com/bismite/mruby-bi-sound.git:
      url: https://github.com/bismite/mruby-bi-sound.git
      branch: master
      commit: 8af59a855b41852a138fb45b6db45054d6357d36
      version: 0.1.0
    https://github.com/bismite/mruby-bi-archive.git:
      url: https://github.com/bismite/mruby-bi-archive.git
      branch: master
      commit: 361041eea9f137cb40e4bb5e6d4ab376054ee4a5
      version: 0.2.0
    https://github.com/bismite/mruby-bi-geometry.git:
      url: https://github.com/bismite/mruby-bi-geometry.git
      branch: master
      commit: 7730e4161971e1bfea659dfb5bfda71266f060ff
      version: 0.1.0
    https://github.com/bismite/mruby-emscripten.git:
      url: https://github.com/bismite/mruby-emscripten.git
      branch: master
      commit: 6f2d0975fbb8a79ad9f1c3666d0a1f6c50dac327
      version: 0.1.0
    https://github.com/bismite/mruby-dlopen.git:
      url: https://github.com/bismite/mruby-dlopen.git
      branch: master
      commit: 4fa719c9c00eb00b4d1cfac435202983dc1fae3f
      version: 0.1.0
    https://github.com/iij/mruby-errno.git:
      url: https://github.com/iij/mruby-errno.git
      branch: master
      commit: b4415207ff6ea62360619c89a1cff83259dc4db0
      version: 0.0.0
